Microsoft Visual Studio Solution File, Format Version 12.00
# Visual Studio Version 17
VisualStudioVersion = 17.0.31903.59
MinimumVisualStudioVersion = 10.0.40219.1
Project("{2150E333-8FDC-42A3-9474-1A3956D46DE8}") = "Samples", "Samples", "{9AD30620-667D-433C-9961-8D885EE7B762}"
EndProject
Project("{2150E333-8FDC-42A3-9474-1A3956D46DE8}") = "UI", "UI", "{F1AFFFA7-28FE-4770-BA48-10D76F3E59BC}"
EndProject
Project("{2150E333-8FDC-42A3-9474-1A3956D46DE8}") = "Tests", "Tests", "{B30036C4-D514-4E5B-A323-587A061772CE}"
EndProject
Project("{2150E333-8FDC-42A3-9474-1A3956D46DE8}") = "Solution Items", "Solution Items", "{CFA75BE0-5A44-45DE-8114-426A605B062B}"
	ProjectSection(SolutionItems) = preProject
		.editorconfig = .editorconfig
		settings.xamlstyler = settings.xamlstyler
	EndProjectSection
EndProject
Project("{2150E333-8FDC-42A3-9474-1A3956D46DE8}") = "Docs", "Docs", "{88C6FFBE-322D-4CEA-842B-B2CB281D357D}"
	ProjectSection(SolutionItems) = preProject
		CODE_OF_CONDUCT.md = CODE_OF_CONDUCT.md
		contributing.md = contributing.md
		license.md = license.md
		readme.md = readme.md
		ThirdPartyNotices.txt = ThirdPartyNotices.txt
	EndProjectSection
EndProject
Global
	GlobalSection(SolutionProperties) = preSolution
		HideSolutionNode = FALSE
	EndGlobalSection
	GlobalSection(NestedProjects) = preSolution
		{88C6FFBE-322D-4CEA-842B-B2CB281D357D} = {CFA75BE0-5A44-45DE-8114-426A605B062B}
	EndGlobalSection
	GlobalSection(ExtensibilityGlobals) = postSolution
		SolutionGuid = {5403B0C4-F244-4F73-A35C-FE664D0F4345}
	EndGlobalSection
EndGlobal
